
Microsoft Visual Studio Solution File, Format Version 12.00
# Visual Studio Version 17
VisualStudioVersion = 17.13.35931.197 d17.13
MinimumVisualStudioVersion = 10.0.40219.1
Project("{FAE04EC0-301F-11D3-BF4B-00C04F79EFBC}") = "MPG_UI", "MPG_UI\MPG_UI.csproj", "{AAF0426C-9E17-45D9-A9AB-B7286F4A854D}"
EndProject
Global
	GlobalSection(SolutionConfigurationPlatforms) = preSolution
		Debug|Any CPU = Debug|Any CPU
		Release|Any CPU = Release|Any CPU
	EndGlobalSection
	GlobalSection(ProjectConfigurationPlatforms) = postSolution
		{AAF0426C-9E17-45D9-A9AB-B7286F4A854D}.Debug|Any CPU.ActiveCfg = Debug|Any CPU
		{AAF0426C-9E17-45D9-A9AB-B7286F4A854D}.Debug|Any CPU.Build.0 = Debug|Any CPU
		{AAF0426C-9E17-45D9-A9AB-B7286F4A854D}.Release|Any CPU.ActiveCfg = Release|Any CPU
		{AAF0426C-9E17-45D9-A9AB-B7286F4A854D}.Release|Any CPU.Build.0 = Release|Any CPU
	EndGlobalSection
	GlobalSection(SolutionProperties) = preSolution
		HideSolutionNode = FALSE
	EndGlobalSection
	GlobalSection(ExtensibilityGlobals) = postSolution
		SolutionGuid = {6272744E-3590-43C6-8011-7B82604367ED}
	EndGlobalSection
EndGlobal
